
Microsoft Visual Studio Solution File, Format Version 12.00
# Visual Studio 15
VisualStudioVersion = 15.0.27703.2035
MinimumVisualStudioVersion = 10.0.40219.1
Project("{9A19103F-16F7-4668-BE54-9A1E7A4F7556}") = "RestWithASP-Net", "RestWithASP-Net\RestWithASP-Net.csproj", "{5916D06D-F474-4B57-885E-F7FB73A67340}"
EndProject
Global
	GlobalSection(SolutionConfigurationPlatforms) = preSolution
		Debug|Any CPU = Debug|Any CPU
		Release|Any CPU = Release|Any CPU
	EndGlobalSection
	GlobalSection(ProjectConfigurationPlatforms) = postSolution
		{5916D06D-F474-4B57-885E-F7FB73A67340}.Debug|Any CPU.ActiveCfg = Debug|Any CPU
		{5916D06D-F474-4B57-885E-F7FB73A67340}.Debug|Any CPU.Build.0 = Debug|Any CPU
		{5916D06D-F474-4B57-885E-F7FB73A67340}.Release|Any CPU.ActiveCfg = Release|Any CPU
		{5916D06D-F474-4B57-885E-F7FB73A67340}.Release|Any CPU.Build.0 = Release|Any CPU
	EndGlobalSection
	GlobalSection(SolutionProperties) = preSolution
		HideSolutionNode = FALSE
	EndGlobalSection
	GlobalSection(ExtensibilityGlobals) = postSolution
		SolutionGuid = {A7B9D783-2228-49AC-AC0D-6FA6C893CB37}
	EndGlobalSection
EndGlobal
